PODS:
  - Alamofire (5.6.4)
  - OBDIQSdk (1.0.1):
    - Alamofire (~> 5.6.4)
    - SwiftyJSON (~> 4.3.0)
  - RepairClubSDK (1.2.07)
  - SwiftyJSON (4.3.0)

DEPENDENCIES:
  - Alamofire (~> 5.6.4)
  - OBDIQSdk (from `OBDIQSdk.podspec`)
  - RepairClubSDK (from `path/to/submodule`)
  - SwiftyJSON (~> 4.0)

SPEC REPOS:
  trunk:
    - Alamofire
    - SwiftyJSON

EXTERNAL SOURCES:
  OBDIQSdk:
    :path: OBDIQSdk.podspec
  RepairClubSDK:
    :path: path/to/submodule

SPEC CHECKSUMS:
  Alamofire: 4e95d97098eacb88856099c4fc79b526a299e48c
  OBDIQSdk: 9005ab379420ee16d18495b129be022fbdaf4fe4
  RepairClubSDK: 8cf5604fcd9f8236147f196bb17edd9ba8f34389
  SwiftyJSON: 6faa0040f8b59dead0ee07436cbf76b73c08fd08

PODFILE CHECKSUM: aafde5d4b875193fdc1da5a7da8eef5559ee35c2

COCOAPODS: 1.16.2
